
Microsoft Visual Studio Solution File, Format Version 12.00
# Visual Studio Version 17
VisualStudioVersion = 17.8.34525.116
MinimumVisualStudioVersion = 10.0.40219.1
Project("{FAE04EC0-301F-11D3-BF4B-00C04F79EFBC}") = "ConsoleApp5", "ConsoleApp5\ConsoleApp5.csproj", "{F590E9D9-A328-4D2D-8742-2305A8CF2B0A}"
EndProject
Global
	GlobalSection(SolutionConfigurationPlatforms) = preSolution
		Debug|Any CPU = Debug|Any CPU
		Release|Any CPU = Release|Any CPU
	EndGlobalSection
	GlobalSection(ProjectConfigurationPlatforms) = postSolution
		{F590E9D9-A328-4D2D-8742-2305A8CF2B0A}.Debug|Any CPU.ActiveCfg = Debug|Any CPU
		{F590E9D9-A328-4D2D-8742-2305A8CF2B0A}.Debug|Any CPU.Build.0 = Debug|Any CPU
		{F590E9D9-A328-4D2D-8742-2305A8CF2B0A}.Release|Any CPU.ActiveCfg = Release|Any CPU
		{F590E9D9-A328-4D2D-8742-2305A8CF2B0A}.Release|Any CPU.Build.0 = Release|Any CPU
	EndGlobalSection
	GlobalSection(SolutionProperties) = preSolution
		HideSolutionNode = FALSE
	EndGlobalSection
	GlobalSection(ExtensibilityGlobals) = postSolution
		SolutionGuid = {D57C4487-1E3A-4A03-816C-C1518AB634C7}
	EndGlobalSection
EndGlobal
